
Microsoft Visual Studio Solution File, Format Version 12.00
# Visual Studio Version 17
VisualStudioVersion = 17.10.34928.147
MinimumVisualStudioVersion = 10.0.40219.1
Project("{9A19103F-16F7-4668-BE54-9A1E7A4F7556}") = "MathFunc", "src\MathFunc\MathFunc.csproj", "{83036C9B-F810-486B-AC42-05A2B97E3C93}"
EndProject
Project("{2150E333-8FDC-42A3-9474-1A3956D46DE8}") = "Build", "Build", "{7B3673B7-E608-4D4F-B84B-54A9CA68FE0E}"
	ProjectSection(SolutionItems) = preProject
		.gitignore = .gitignore
		build\Common.props = build\Common.props
		src\Directory.Build.props = src\Directory.Build.props
	EndProjectSection
EndProject
Project("{9A19103F-16F7-4668-BE54-9A1E7A4F7556}") = "MathFuncTests", "src\MathFuncTests\MathFuncTests.csproj", "{87A0FE3A-129D-40FF-BA46-A7D25B52030B}"
EndProject
Global
	GlobalSection(SolutionConfigurationPlatforms) = preSolution
		Debug|Any CPU = Debug|Any CPU
		Release|Any CPU = Release|Any CPU
	EndGlobalSection
	GlobalSection(ProjectConfigurationPlatforms) = postSolution
		{83036C9B-F810-486B-AC42-05A2B97E3C93}.Debug|Any CPU.ActiveCfg = Debug|Any CPU
		{83036C9B-F810-486B-AC42-05A2B97E3C93}.Debug|Any CPU.Build.0 = Debug|Any CPU
		{83036C9B-F810-486B-AC42-05A2B97E3C93}.Release|Any CPU.ActiveCfg = Release|Any CPU
		{83036C9B-F810-486B-AC42-05A2B97E3C93}.Release|Any CPU.Build.0 = Release|Any CPU
		{87A0FE3A-129D-40FF-BA46-A7D25B52030B}.Debug|Any CPU.ActiveCfg = Debug|Any CPU
		{87A0FE3A-129D-40FF-BA46-A7D25B52030B}.Debug|Any CPU.Build.0 = Debug|Any CPU
		{87A0FE3A-129D-40FF-BA46-A7D25B52030B}.Release|Any CPU.ActiveCfg = Release|Any CPU
		{87A0FE3A-129D-40FF-BA46-A7D25B52030B}.Release|Any CPU.Build.0 = Release|Any CPU
	EndGlobalSection
	GlobalSection(SolutionProperties) = preSolution
		HideSolutionNode = FALSE
	EndGlobalSection
	GlobalSection(ExtensibilityGlobals) = postSolution
		SolutionGuid = {C28F1949-1295-44ED-8074-4E76C3CDC52C}
	EndGlobalSection
EndGlobal
